{
  "requires": true,
  "lockfileVersion": 1,
  "dependencies": {
    "@types/faker": {
      "version": "5.1.6",
      "resolved": "https://registry.npmjs.org/@types/faker/-/faker-5.1.6.tgz",
      "integrity": "sha512-D+gfFWR/YCvlrYL8lgNZO1jKgIUW+cfhxsgMOqUMYwCI+tl0htD7vCCXp/oJsIxJpxuI7zqmo3gpVQBkFCM4iA=="
    }
  }
}
